
Microsoft Visual Studio Solution File, Format Version 12.00
# Visual Studio Version 17
VisualStudioVersion = 17.5.33516.290
MinimumVisualStudioVersion = 10.0.40219.1
Project("{FAE04EC0-301F-11D3-BF4B-00C04F79EFBC}") = "linq_program", "linq_program\linq_program.csproj", "{E9C68254-83DB-4F24-80E9-B5E87AD8CBE5}"
EndProject
Project("{FAE04EC0-301F-11D3-BF4B-00C04F79EFBC}") = "ConsoleApp1", "ConsoleApp1\ConsoleApp1.csproj", "{9AE3DE03-692D-4937-9924-572991C1822D}"
EndProject
Global
	GlobalSection(SolutionConfigurationPlatforms) = preSolution
		Debug|Any CPU = Debug|Any CPU
		Release|Any CPU = Release|Any CPU
	EndGlobalSection
	GlobalSection(ProjectConfigurationPlatforms) = postSolution
		{E9C68254-83DB-4F24-80E9-B5E87AD8CBE5}.Debug|Any CPU.ActiveCfg = Debug|Any CPU
		{E9C68254-83DB-4F24-80E9-B5E87AD8CBE5}.Debug|Any CPU.Build.0 = Debug|Any CPU
		{E9C68254-83DB-4F24-80E9-B5E87AD8CBE5}.Release|Any CPU.ActiveCfg = Release|Any CPU
		{E9C68254-83DB-4F24-80E9-B5E87AD8CBE5}.Release|Any CPU.Build.0 = Release|Any CPU
		{9AE3DE03-692D-4937-9924-572991C1822D}.Debug|Any CPU.ActiveCfg = Debug|Any CPU
		{9AE3DE03-692D-4937-9924-572991C1822D}.Debug|Any CPU.Build.0 = Debug|Any CPU
		{9AE3DE03-692D-4937-9924-572991C1822D}.Release|Any CPU.ActiveCfg = Release|Any CPU
		{9AE3DE03-692D-4937-9924-572991C1822D}.Release|Any CPU.Build.0 = Release|Any CPU
	EndGlobalSection
	GlobalSection(SolutionProperties) = preSolution
		HideSolutionNode = FALSE
	EndGlobalSection
	GlobalSection(ExtensibilityGlobals) = postSolution
		SolutionGuid = {12915C3F-F310-4659-A045-25F57AD74C60}
	EndGlobalSection
EndGlobal
